// !$*UTF8*$!
{
	archiveVersion = 1;
	classes = {
	};
	objectVersion = 77;
	objects = {

/* Begin PBXContainerItemProxy section */
		C62887D92D8FEF6B00AEFF0C /* PBXContainerItemProxy */ = {
			isa = PBXContainerItemProxy;
			containerPortal = C62887C02D8FEF6900AEFF0C /* Project object */;
			proxyType = 1;
			remoteGlobalIDString = C62887C72D8FEF6900AEFF0C;
			remoteInfo = EasyBreezy;
		};
		C62887E32D8FEF6B00AEFF0C /* PBXContainerItemProxy */ = {
			isa = PBXContainerItemProxy;
			containerPortal = C62887C02D8FEF6900AEFF0C /* Project object */;
			proxyType = 1;
			remoteGlobalIDString = C62887C72D8FEF6900AEFF0C;
			remoteInfo = EasyBreezy;
		};
/* End PBXContainerItemProxy section */

/* Begin PBXFileReference section */
		C62887C82D8FEF6900AEFF0C /* EasyBreezy.app */ = {isa = PBXFileReference; explicitFileType = wrapper.application; includeInIndex = 0; path = EasyBreezy.app; sourceTree = BUILT_PRODUCTS_DIR; };
		C62887D82D8FEF6B00AEFF0C /* EasyBreezyTests.xctest */ = {isa = PBXFileReference; explicitFileType = wrapper.cfbundle; includeInIndex = 0; path = EasyBreezyTests.xctest; sourceTree = BUILT_PRODUCTS_DIR; };
		C62887E22D8FEF6B00AEFF0C /* EasyBreezyUITests.xctest */ = {isa = PBXFileReference; explicitFileType = wrapper.cfbundle; includeInIndex = 0; path = EasyBreezyUITests.xctest; sourceTree = BUILT_PRODUCTS_DIR; };
/* End PBXFileReference section */

/* Begin PBXFileSystemSynchronizedRootGroup section */
		C62887CA2D8FEF6900AEFF0C /* EasyBreezy */ = {
			isa = PBXFileSystemSynchronizedRootGroup;
			path = EasyBreezy;
			sourceTree = "<group>";
		};
		C62887DB2D8FEF6B00AEFF0C /* EasyBreezyTests */ = {
			isa = PBXFileSystemSynchronizedRootGroup;
			path = EasyBreezyTests;
			sourceTree = "<group>";
		};
		C62887E52D8FEF6B00AEFF0C /* EasyBreezyUITests */ = {
			isa = PBXFileSystemSynchronizedRootGroup;
			path = EasyBreezyUITests;
			sourceTree = "<group>";
		};
/* End PBXFileSystemSynchronizedRootGroup section */

/* Begin PBXFrameworksBuildPhase section */
		C62887C52D8FEF6900AEFF0C /* Frameworks */ = {
			isa = PBXFrameworksBuildPhase;
			buildActionMask = 2147483647;
			files = (
			);
			runOnlyForDeploymentPostprocessing = 0;
		};
		C62887D52D8FEF6B00AEFF0C /* Frameworks */ = {
			isa = PBXFrameworksBuildPhase;
			buildActionMask = 2147483647;
			files = (
			);
			runOnlyForDeploymentPostprocessing = 0;
		};
		C62887DF2D8FEF6B00AEFF0C /* Frameworks */ = {
			isa = PBXFrameworksBuildPhase;
			buildActionMask = 2147483647;
			files = (
			);
			runOnlyForDeploymentPostprocessing = 0;
		};
/* End PBXFrameworksBuildPhase section */

/* Begin PBXGroup section */
		C62887BF2D8FEF6900AEFF0C = {
			isa = PBXGroup;
			children = (
				C62887CA2D8FEF6900AEFF0C /* EasyBreezy */,
				C62887DB2D8FEF6B00AEFF0C /* EasyBreezyTests */,
				C62887E52D8FEF6B00AEFF0C /* EasyBreezyUITests */,
				C62887C92D8FEF6900AEFF0C /* Products */,
			);
			sourceTree = "<group>";
		};
		C62887C92D8FEF6900AEFF0C /* Products */ = {
			isa = PBXGroup;
			children = (
				C62887C82D8FEF6900AEFF0C /* EasyBreezy.app */,
				C62887D82D8FEF6B00AEFF0C /* EasyBreezyTests.xctest */,
				C62887E22D8FEF6B00AEFF0C /* EasyBreezyUITests.xctest */,
			);
			name = Products;
			sourceTree = "<group>";
		};
/* End PBXGroup section */

/* Begin PBXNativeTarget section */
		C62887C72D8FEF6900AEFF0C /* EasyBreezy */ = {
			isa = PBXNativeTarget;
			buildConfigurationList = C62887EC2D8FEF6B00AEFF0C /* Build configuration list for PBXNativeTarget "EasyBreezy" */;
			buildPhases = (
				C62887C42D8FEF6900AEFF0C /* Sources */,
				C62887C52D8FEF6900AEFF0C /* Frameworks */,
				C62887C62D8FEF6900AEFF0C /* Resources */,
			);
			buildRules = (
			);
			dependencies = (
			);
			fileSystemSynchronizedGroups = (
				C62887CA2D8FEF6900AEFF0C /* EasyBreezy */,
			);
			name = EasyBreezy;
			packageProductDependencies = (
			);
			productName = EasyBreezy;
			productReference = C62887C82D8FEF6900AEFF0C /* EasyBreezy.app */;
			productType = "com.apple.product-type.application";
		};
		C62887D72D8FEF6B00AEFF0C /* EasyBreezyTests */ = {
			isa = PBXNativeTarget;
			buildConfigurationList = C62887EF2D8FEF6B00AEFF0C /* Build configuration list for PBXNativeTarget "EasyBreezyTests" */;
			buildPhases = (
				C62887D42D8FEF6B00AEFF0C /* Sources */,
				C62887D52D8FEF6B00AEFF0C /* Frameworks */,
				C62887D62D8FEF6B00AEFF0C /* Resources */,
			);
			buildRules = (
			);
			dependencies = (
				C62887DA2D8FEF6B00AEFF0C /* PBXTargetDependency */,
			);
			fileSystemSynchronizedGroups = (
				C62887DB2D8FEF6B00AEFF0C /* EasyBreezyTests */,
			);
			name = EasyBreezyTests;
			packageProductDependencies = (
			);
			productName = EasyBreezyTests;
			productReference = C62887D82D8FEF6B00AEFF0C /* EasyBreezyTests.xctest */;
			productType = "com.apple.product-type.bundle.unit-test";
		};
		C62887E12D8FEF6B00AEFF0C /* EasyBreezyUITests */ = {
			isa = PBXNativeTarget;
			buildConfigurationList = C62887F22D8FEF6B00AEFF0C /* Build configuration list for PBXNativeTarget "EasyBreezyUITests" */;
			buildPhases = (
				C62887DE2D8FEF6B00AEFF0C /* Sources */,
				C62887DF2D8FEF6B00AEFF0C /* Frameworks */,
				C62887E02D8FEF6B00AEFF0C /* Resources */,
			);
			buildRules = (
			);
			dependencies = (
				C62887E42D8FEF6B00AEFF0C /* PBXTargetDependency */,
			);
			fileSystemSynchronizedGroups = (
				C62887E52D8FEF6B00AEFF0C /* EasyBreezyUITests */,
			);
			name = EasyBreezyUITests;
			packageProductDependencies = (
			);
			productName = EasyBreezyUITests;
			productReference = C62887E22D8FEF6B00AEFF0C /* EasyBreezyUITests.xctest */;
			productType = "com.apple.product-type.bundle.ui-testing";
		};
/* End PBXNativeTarget section */

/* Begin PBXProject section */
		C62887C02D8FEF6900AEFF0C /* Project object */ = {
			isa = PBXProject;
			attributes = {
				BuildIndependentTargetsInParallel = 1;
				LastSwiftUpdateCheck = 1620;
				LastUpgradeCheck = 1620;
				TargetAttributes = {
					C62887C72D8FEF6900AEFF0C = {
						CreatedOnToolsVersion = 16.2;
					};
					C62887D72D8FEF6B00AEFF0C = {
						CreatedOnToolsVersion = 16.2;
						TestTargetID = C62887C72D8FEF6900AEFF0C;
					};
					C62887E12D8FEF6B00AEFF0C = {
						CreatedOnToolsVersion = 16.2;
						TestTargetID = C62887C72D8FEF6900AEFF0C;
					};
				};
			};
			buildConfigurationList = C62887C32D8FEF6900AEFF0C /* Build configuration list for PBXProject "EasyBreezy" */;
			developmentRegion = en;
			hasScannedForEncodings = 0;
			knownRegions = (
				en,
				Base,
			);
			mainGroup = C62887BF2D8FEF6900AEFF0C;
			minimizedProjectReferenceProxies = 1;
			preferredProjectObjectVersion = 77;
			productRefGroup = C62887C92D8FEF6900AEFF0C /* Products */;
			projectDirPath = "";
			projectRoot = "";
			targets = (
				C62887C72D8FEF6900AEFF0C /* EasyBreezy */,
				C62887D72D8FEF6B00AEFF0C /* EasyBreezyTests */,
				C62887E12D8FEF6B00AEFF0C /* EasyBreezyUITests */,
			);
		};
/* End PBXProject section */

/* Begin PBXResourcesBuildPhase section */
		C62887C62D8FEF6900AEFF0C /* Resources */ = {
			isa = PBXResourcesBuildPhase;
			buildActionMask = 2147483647;
			files = (
			);
			runOnlyForDeploymentPostprocessing = 0;
		};
		C62887D62D8FEF6B00AEFF0C /* Resources */ = {
			isa = PBXResourcesBuildPhase;
			buildActionMask = 2147483647;
			files = (
			);
			runOnlyForDeploymentPostprocessing = 0;
		};
		C62887E02D8FEF6B00AEFF0C /* Resources */ = {
			isa = PBXResourcesBuildPhase;
			buildActionMask = 2147483647;
			files = (
			);
			runOnlyForDeploymentPostprocessing = 0;
		};
/* End PBXResourcesBuildPhase section */

/* Begin PBXSourcesBuildPhase section */
		C62887C42D8FEF6900AEFF0C /* Sources */ = {
			isa = PBXSourcesBuildPhase;
			buildActionMask = 2147483647;
			files = (
			);
			runOnlyForDeploymentPostprocessing = 0;
		};
		C62887D42D8FEF6B00AEFF0C /* Sources */ = {
			isa = PBXSourcesBuildPhase;
			buildActionMask = 2147483647;
			files = (
			);
			runOnlyForDeploymentPostprocessing = 0;
		};
		C62887DE2D8FEF6B00AEFF0C /* Sources */ = {
			isa = PBXSourcesBuildPhase;
			buildActionMask = 2147483647;
			files = (
			);
			runOnlyForDeploymentPostprocessing = 0;
		};
/* End PBXSourcesBuildPhase section */

/* Begin PBXTargetDependency section */
		C62887DA2D8FEF6B00AEFF0C /* PBXTargetDependency */ = {
			isa = PBXTargetDependency;
			target = C62887C72D8FEF6900AEFF0C /* EasyBreezy */;
			targetProxy = C62887D92D8FEF6B00AEFF0C /* PBXContainerItemProxy */;
		};
		C62887E42D8FEF6B00AEFF0C /* PBXTargetDependency */ = {
			isa = PBXTargetDependency;
			target = C62887C72D8FEF6900AEFF0C /* EasyBreezy */;
			targetProxy = C62887E32D8FEF6B00AEFF0C /* PBXContainerItemProxy */;
		};
/* End PBXTargetDependency section */

/* Begin XCBuildConfiguration section */
		C62887EA2D8FEF6B00AEFF0C /* Debug */ = {
			isa = XCBuildConfiguration;
			buildSettings = {
				ALWAYS_SEARCH_USER_PATHS = NO;
				ASSETCATALOG_COMPILER_GENERATE_SWIFT_ASSET_SYMBOL_EXTENSIONS = YES;
				CLANG_ANALYZER_NONNULL = YES;
				CLANG_ANALYZER_NUMBER_OBJECT_CONVERSION = YES_AGGRESSIVE;
				CLANG_CXX_LANGUAGE_STANDARD = "gnu++20";
				CLANG_ENABLE_MODULES = YES;
				CLANG_ENABLE_OBJC_ARC = YES;
				CLANG_ENABLE_OBJC_WEAK = YES;
				CLANG_WARN_BLOCK_CAPTURE_AUTORELEASING = YES;
				CLANG_WARN_BOOL_CONVERSION = YES;
				CLANG_WARN_COMMA = YES;
				CLANG_WARN_CONSTANT_CONVERSION = YES;
				CLANG_WARN_DEPRECATED_OBJC_IMPLEMENTATIONS = YES;
				CLANG_WARN_DIRECT_OBJC_ISA_USAGE = YES_ERROR;
				CLANG_WARN_DOCUMENTATION_COMMENTS = YES;
				CLANG_WARN_EMPTY_BODY = YES;
				CLANG_WARN_ENUM_CONVERSION = YES;
				CLANG_WARN_INFINITE_RECURSION = YES;
				CLANG_WARN_INT_CONVERSION = YES;
				CLANG_WARN_NON_LITERAL_NULL_CONVERSION = YES;
				CLANG_WARN_OBJC_IMPLICIT_RETAIN_SELF = YES;
				CLANG_WARN_OBJC_LITERAL_CONVERSION = YES;
				CLANG_WARN_OBJC_ROOT_CLASS = YES_ERROR;
				CLANG_WARN_QUOTED_INCLUDE_IN_FRAMEWORK_HEADER = YES;
				CLANG_WARN_RANGE_LOOP_ANALYSIS = YES;
				CLANG_WARN_STRICT_PROTOTYPES = YES;
				CLANG_WARN_SUSPICIOUS_MOVE = YES;
				CLANG_WARN_UNGUARDED_AVAILABILITY = YES_AGGRESSIVE;
				CLANG_WARN_UNREACHABLE_CODE = YES;
				CLANG_WARN__DUPLICATE_METHOD_MATCH = YES;
				COPY_PHASE_STRIP = NO;
				DEBUG_INFORMATION_FORMAT = dwarf;
				ENABLE_STRICT_OBJC_MSGSEND = YES;
				ENABLE_TESTABILITY = YES;
				ENABLE_USER_SCRIPT_SANDBOXING = YES;
				GCC_C_LANGUAGE_STANDARD = gnu17;
				GCC_DYNAMIC_NO_PIC = NO;
				GCC_NO_COMMON_BLOCKS = YES;
				GCC_OPTIMIZATION_LEVEL = 0;
				GCC_PREPROCESSOR_DEFINITIONS = (
					"DEBUG=1",
					"$(inherited)",
				);
				GCC_WARN_64_TO_32_BIT_CONVERSION = YES;
				GCC_WARN_ABOUT_RETURN_TYPE = YES_ERROR;
				GCC_WARN_UNDECLARED_SELECTOR = YES;
				GCC_WARN_UNINITIALIZED_AUTOS = YES_AGGRESSIVE;
				GCC_WARN_UNUSED_FUNCTION = YES;
				GCC_WARN_UNUSED_VARIABLE = YES;
				IPHONEOS_DEPLOYMENT_TARGET = 18.2;
				LOCALIZATION_PREFERS_STRING_CATALOGS = YES;
				MTL_ENABLE_DEBUG_INFO = INCLUDE_SOURCE;
				MTL_FAST_MATH = YES;
				ONLY_ACTIVE_ARCH = YES;
				SDKROOT = iphoneos;
				SWIFT_ACTIVE_COMPILATION_CONDITIONS = "DEBUG $(inherited)";
				SWIFT_OPTIMIZATION_LEVEL = "-Onone";
			};
			name = Debug;
		};
		C62887EB2D8FEF6B00AEFF0C /* Release */ = {
			isa = XCBuildConfiguration;
			buildSettings = {
				ALWAYS_SEARCH_USER_PATHS = NO;
				ASSETCATALOG_COMPILER_GENERATE_SWIFT_ASSET_SYMBOL_EXTENSIONS = YES;
				CLANG_ANALYZER_NONNULL = YES;
				CLANG_ANALYZER_NUMBER_OBJECT_CONVERSION = YES_AGGRESSIVE;
				CLANG_CXX_LANGUAGE_STANDARD = "gnu++20";
				CLANG_ENABLE_MODULES = YES;
				CLANG_ENABLE_OBJC_ARC = YES;
				CLANG_ENABLE_OBJC_WEAK = YES;
				CLANG_WARN_BLOCK_CAPTURE_AUTORELEASING = YES;
				CLANG_WARN_BOOL_CONVERSION = YES;
				CLANG_WARN_COMMA = YES;
				CLANG_WARN_CONSTANT_CONVERSION = YES;
				CLANG_WARN_DEPRECATED_OBJC_IMPLEMENTATIONS = YES;
				CLANG_WARN_DIRECT_OBJC_ISA_USAGE = YES_ERROR;
				CLANG_WARN_DOCUMENTATION_COMMENTS = YES;
				CLANG_WARN_EMPTY_BODY = YES;
				CLANG_WARN_ENUM_CONVERSION = YES;
				CLANG_WARN_INFINITE_RECURSION = YES;
				CLANG_WARN_INT_CONVERSION = YES;
				CLANG_WARN_NON_LITERAL_NULL_CONVERSION = YES;
				CLANG_WARN_OBJC_IMPLICIT_RETAIN_SELF = YES;
				CLANG_WARN_OBJC_LITERAL_CONVERSION = YES;
				CLANG_WARN_OBJC_ROOT_CLASS = YES_ERROR;
				CLANG_WARN_QUOTED_INCLUDE_IN_FRAMEWORK_HEADER = YES;
				CLANG_WARN_RANGE_LOOP_ANALYSIS = YES;
				CLANG_WARN_STRICT_PROTOTYPES = YES;
				CLANG_WARN_SUSPICIOUS_MOVE = YES;
				CLANG_WARN_UNGUARDED_AVAILABILITY = YES_AGGRESSIVE;
				CLANG_WARN_UNREACHABLE_CODE = YES;
				CLANG_WARN__DUPLICATE_METHOD_MATCH = YES;
				COPY_PHASE_STRIP = NO;
				DEBUG_INFORMATION_FORMAT = "dwarf-with-dsym";
				ENABLE_NS_ASSERTIONS = NO;
				ENABLE_STRICT_OBJC_MSGSEND = YES;
				ENABLE_USER_SCRIPT_SANDBOXING = YES;
				GCC_C_LANGUAGE_STANDARD = gnu17;
				GCC_NO_COMMON_BLOCKS = YES;
				GCC_WARN_64_TO_32_BIT_CONVERSION = YES;
				GCC_WARN_ABOUT_RETURN_TYPE = YES_ERROR;
				GCC_WARN_UNDECLARED_SELECTOR = YES;
				GCC_WARN_UNINITIALIZED_AUTOS = YES_AGGRESSIVE;
				GCC_WARN_UNUSED_FUNCTION = YES;
				GCC_WARN_UNUSED_VARIABLE = YES;
				IPHONEOS_DEPLOYMENT_TARGET = 18.2;
				LOCALIZATION_PREFERS_STRING_CATALOGS = YES;
				MTL_ENABLE_DEBUG_INFO = NO;
				MTL_FAST_MATH = YES;
				SDKROOT = iphoneos;
				SWIFT_COMPILATION_MODE = wholemodule;
				VALIDATE_PRODUCT = YES;
			};
			name = Release;
		};
		C62887ED2D8FEF6B00AEFF0C /* Debug */ = {
			isa = XCBuildConfiguration;
			buildSettings = {
				ASSETCATALOG_COMPILER_APPICON_NAME = AppIcon;
				ASSETCATALOG_COMPILER_GLOBAL_ACCENT_COLOR_NAME = AccentColor;
				CODE_SIGN_STYLE = Automatic;
				CURRENT_PROJECT_VERSION = 1;
				DEVELOPMENT_ASSET_PATHS = "\"EasyBreezy/Preview Content\"";
				DEVELOPMENT_TEAM = 4WUMYUXFKC;
				ENABLE_PREVIEWS = YES;
				GENERATE_INFOPLIST_FILE = YES;
				INFOPLIST_KEY_UIApplicationSceneManifest_Generation = YES;
				INFOPLIST_KEY_UIApplicationSupportsIndirectInputEvents = YES;
				INFOPLIST_KEY_UILaunchScreen_Generation = YES;
				INFOPLIST_KEY_UISupportedInterfaceOrientations_iPad = "UIInterfaceOrientationPortrait UIInterfaceOrientationPortraitUpsideDown UIInterfaceOrientationLandscapeLeft UIInterfaceOrientationLandscapeRight";
				INFOPLIST_KEY_UISupportedInterfaceOrientations_iPhone = "UIInterfaceOrientationPortrait UIInterfaceOrientationLandscapeLeft UIInterfaceOrientationLandscapeRight";
				LD_RUNPATH_SEARCH_PATHS = (
					"$(inherited)",
					"@executable_path/Frameworks",
				);
				MARKETING_VERSION = 1.0;
				PRODUCT_BUNDLE_IDENTIFIER = easybreezy.EasyBreezy;
				PRODUCT_NAME = "$(TARGET_NAME)";
				SWIFT_EMIT_LOC_STRINGS = YES;
				SWIFT_VERSION = 5.0;
				TARGETED_DEVICE_FAMILY = "1,2";
			};
			name = Debug;
		};
		C62887EE2D8FEF6B00AEFF0C /* Release */ = {
			isa = XCBuildConfiguration;
			buildSettings = {
				ASSETCATALOG_COMPILER_APPICON_NAME = AppIcon;
				ASSETCATALOG_COMPILER_GLOBAL_ACCENT_COLOR_NAME = AccentColor;
				CODE_SIGN_STYLE = Automatic;
				CURRENT_PROJECT_VERSION = 1;
				DEVELOPMENT_ASSET_PATHS = "\"EasyBreezy/Preview Content\"";
				DEVELOPMENT_TEAM = 4WUMYUXFKC;
				ENABLE_PREVIEWS = YES;
				GENERATE_INFOPLIST_FILE = YES;
				INFOPLIST_KEY_UIApplicationSceneManifest_Generation = YES;
				INFOPLIST_KEY_UIApplicationSupportsIndirectInputEvents = YES;
				INFOPLIST_KEY_UILaunchScreen_Generation = YES;
				INFOPLIST_KEY_UISupportedInterfaceOrientations_iPad = "UIInterfaceOrientationPortrait UIInterfaceOrientationPortraitUpsideDown UIInterfaceOrientationLandscapeLeft UIInterfaceOrientationLandscapeRight";
				INFOPLIST_KEY_UISupportedInterfaceOrientations_iPhone = "UIInterfaceOrientationPortrait UIInterfaceOrientationLandscapeLeft UIInterfaceOrientationLandscapeRight";
				LD_RUNPATH_SEARCH_PATHS = (
					"$(inherited)",
					"@executable_path/Frameworks",
				);
				MARKETING_VERSION = 1.0;
				PRODUCT_BUNDLE_IDENTIFIER = easybreezy.EasyBreezy;
				PRODUCT_NAME = "$(TARGET_NAME)";
				SWIFT_EMIT_LOC_STRINGS = YES;
				SWIFT_VERSION = 5.0;
				TARGETED_DEVICE_FAMILY = "1,2";
			};
			name = Release;
		};
		C62887F02D8FEF6B00AEFF0C /* Debug */ = {
			isa = XCBuildConfiguration;
			buildSettings = {
				BUNDLE_LOADER = "$(TEST_HOST)";
				CODE_SIGN_STYLE = Automatic;
				CURRENT_PROJECT_VERSION = 1;
				DEVELOPMENT_TEAM = 4WUMYUXFKC;
				GENERATE_INFOPLIST_FILE = YES;
				IPHONEOS_DEPLOYMENT_TARGET = 18.2;
				MARKETING_VERSION = 1.0;
				PRODUCT_BUNDLE_IDENTIFIER = easybreezy.EasyBreezyTests;
				PRODUCT_NAME = "$(TARGET_NAME)";
				SWIFT_EMIT_LOC_STRINGS = NO;
				SWIFT_VERSION = 5.0;
				TARGETED_DEVICE_FAMILY = "1,2";
				TEST_HOST = "$(BUILT_PRODUCTS_DIR)/EasyBreezy.app/$(BUNDLE_EXECUTABLE_FOLDER_PATH)/EasyBreezy";
			};
			name = Debug;
		};
		C62887F12D8FEF6B00AEFF0C /* Release */ = {
			isa = XCBuildConfiguration;
			buildSettings = {
				BUNDLE_LOADER = "$(TEST_HOST)";
				CODE_SIGN_STYLE = Automatic;
				CURRENT_PROJECT_VERSION = 1;
				DEVELOPMENT_TEAM = 4WUMYUXFKC;
				GENERATE_INFOPLIST_FILE = YES;
				IPHONEOS_DEPLOYMENT_TARGET = 18.2;
				MARKETING_VERSION = 1.0;
				PRODUCT_BUNDLE_IDENTIFIER = easybreezy.EasyBreezyTests;
				PRODUCT_NAME = "$(TARGET_NAME)";
				SWIFT_EMIT_LOC_STRINGS = NO;
				SWIFT_VERSION = 5.0;
				TARGETED_DEVICE_FAMILY = "1,2";
				TEST_HOST = "$(BUILT_PRODUCTS_DIR)/EasyBreezy.app/$(BUNDLE_EXECUTABLE_FOLDER_PATH)/EasyBreezy";
			};
			name = Release;
		};
		C62887F32D8FEF6B00AEFF0C /* Debug */ = {
			isa = XCBuildConfiguration;
			buildSettings = {
				CODE_SIGN_STYLE = Automatic;
				CURRENT_PROJECT_VERSION = 1;
				DEVELOPMENT_TEAM = 4WUMYUXFKC;
				GENERATE_INFOPLIST_FILE = YES;
				MARKETING_VERSION = 1.0;
				PRODUCT_BUNDLE_IDENTIFIER = easybreezy.EasyBreezyUITests;
				PRODUCT_NAME = "$(TARGET_NAME)";
				SWIFT_EMIT_LOC_STRINGS = NO;
				SWIFT_VERSION = 5.0;
				TARGETED_DEVICE_FAMILY = "1,2";
				TEST_TARGET_NAME = EasyBreezy;
			};
			name = Debug;
		};
		C62887F42D8FEF6B00AEFF0C /* Release */ = {
			isa = XCBuildConfiguration;
			buildSettings = {
				CODE_SIGN_STYLE = Automatic;
				CURRENT_PROJECT_VERSION = 1;
				DEVELOPMENT_TEAM = 4WUMYUXFKC;
				GENERATE_INFOPLIST_FILE = YES;
				MARKETING_VERSION = 1.0;
				PRODUCT_BUNDLE_IDENTIFIER = easybreezy.EasyBreezyUITests;
				PRODUCT_NAME = "$(TARGET_NAME)";
				SWIFT_EMIT_LOC_STRINGS = NO;
				SWIFT_VERSION = 5.0;
				TARGETED_DEVICE_FAMILY = "1,2";
				TEST_TARGET_NAME = EasyBreezy;
			};
			name = Release;
		};
/* End XCBuildConfiguration section */

/* Begin XCConfigurationList section */
		C62887C32D8FEF6900AEFF0C /* Build configuration list for PBXProject "EasyBreezy" */ = {
			isa = XCConfigurationList;
			buildConfigurations = (
				C62887EA2D8FEF6B00AEFF0C /* Debug */,
				C62887EB2D8FEF6B00AEFF0C /* Release */,
			);
			defaultConfigurationIsVisible = 0;
			defaultConfigurationName = Release;
		};
		C62887EC2D8FEF6B00AEFF0C /* Build configuration list for PBXNativeTarget "EasyBreezy" */ = {
			isa = XCConfigurationList;
			buildConfigurations = (
				C62887ED2D8FEF6B00AEFF0C /* Debug */,
				C62887EE2D8FEF6B00AEFF0C /* Release */,
			);
			defaultConfigurationIsVisible = 0;
			defaultConfigurationName = Release;
		};
		C62887EF2D8FEF6B00AEFF0C /* Build configuration list for PBXNativeTarget "EasyBreezyTests" */ = {
			isa = XCConfigurationList;
			buildConfigurations = (
				C62887F02D8FEF6B00AEFF0C /* Debug */,
				C62887F12D8FEF6B00AEFF0C /* Release */,
			);
			defaultConfigurationIsVisible = 0;
			defaultConfigurationName = Release;
		};
		C62887F22D8FEF6B00AEFF0C /* Build configuration list for PBXNativeTarget "EasyBreezyUITests" */ = {
			isa = XCConfigurationList;
			buildConfigurations = (
				C62887F32D8FEF6B00AEFF0C /* Debug */,
				C62887F42D8FEF6B00AEFF0C /* Release */,
			);
			defaultConfigurationIsVisible = 0;
			defaultConfigurationName = Release;
		};
/* End XCConfigurationList section */
	};
	rootObject = C62887C02D8FEF6900AEFF0C /* Project object */;
}
